{
  "version": 4,
  "terraform_version": "1.13.4",
  "serial": 8,
  "lineage": "3bf559bd-eb2f-ee79-b63c-2bb360abd734",
  "outputs": {},
  "resources": [
    {
      "mode": "managed",
      "type": "google_artifact_registry_repository",
      "name": "azure-repo",
      "provider": "provider[\"registry.terraform.io/hashicorp/google\"]",
      "instances": [
        {
          "schema_version": 0,
          "attributes": {
            "cleanup_policies": [],
            "cleanup_policy_dry_run": false,
            "create_time": "2025-11-17T12:05:24.174903Z",
            "description": "example docker repository",
            "docker_config": [],
            "effective_labels": {
              "goog-terraform-provisioned": "true"
            },
            "format": "DOCKER",
            "id": "projects/fluted-factor-438905-d2/locations/us-west1/repositories/azure-repo",
            "kms_key_name": "",
            "labels": null,
            "location": "us-west1",
            "maven_config": [],
            "mode": "STANDARD_REPOSITORY",
            "name": "azure-repo",
            "project": "fluted-factor-438905-d2",
            "registry_uri": "us-west1-docker.pkg.dev/fluted-factor-438905-d2/azure-repo",
            "remote_repository_config": [],
            "repository_id": "azure-repo",
            "terraform_labels": {
              "goog-terraform-provisioned": "true"
            },
            "timeouts": null,
            "update_time": "2025-11-17T12:05:24.174903Z",
            "virtual_repository_config": [],
            "vulnerability_scanning_config": [
              {
                "enablement_config": "",
                "enablement_state": "SCANNING_DISABLED",
                "enablement_state_reason": "API containerscanning.googleapis.com is not enabled."
              }
            ]
          },
          "sensitive_attributes": [],
          "identity_schema_version": 0,
          "private": "eyJlMmJmYjczMC1lY2FhLTExZTYtOGY4OC0zNDM2M2JjN2M0YzAiOnsiY3JlYXRlIjoxMjAwMDAwMDAwMDAwLCJkZWxldGUiOjEyMDAwMDAwMDAwMDAsInVwZGF0ZSI6MTIwMDAwMDAwMDAwMH19"
        }
      ]
    },
    {
      "mode": "managed",
      "type": "google_sql_database",
      "name": "service_db",
      "provider": "provider[\"registry.terraform.io/hashicorp/google\"]",
      "instances": [
        {
          "index_key": "auth",
          "schema_version": 0,
          "attributes": {
            "charset": "utf8mb4",
            "collation": "utf8mb4_0900_ai_ci",
            "deletion_policy": "DELETE",
            "id": "projects/fluted-factor-438905-d2/instances/intern-tracker/databases/auth-service",
            "instance": "intern-tracker",
            "name": "auth-service",
            "project": "fluted-factor-438905-d2",
            "self_link": "https://sqladmin.googleapis.com/sql/v1beta4/projects/fluted-factor-438905-d2/instances/intern-tracker/databases/auth-service",
            "timeouts": null
          },
          "sensitive_attributes": [],
          "identity_schema_version": 0,
          "private": "eyJlMmJmYjczMC1lY2FhLTExZTYtOGY4OC0zNDM2M2JjN2M0YzAiOnsiY3JlYXRlIjoxMjAwMDAwMDAwMDAwLCJkZWxldGUiOjEyMDAwMDAwMDAwMDAsInVwZGF0ZSI6MTIwMDAwMDAwMDAwMH19",
          "dependencies": [
            "google_sql_database_instance.intern_tracker"
          ]
        },
        {
          "index_key": "course",
          "schema_version": 0,
          "attributes": {
            "charset": "utf8mb4",
            "collation": "utf8mb4_0900_ai_ci",
            "deletion_policy": "DELETE",
            "id": "projects/fluted-factor-438905-d2/instances/intern-tracker/databases/course-service",
            "instance": "intern-tracker",
            "name": "course-service",
            "project": "fluted-factor-438905-d2",
            "self_link": "https://sqladmin.googleapis.com/sql/v1beta4/projects/fluted-factor-438905-d2/instances/intern-tracker/databases/course-service",
            "timeouts": null
          },
          "sensitive_attributes": [],
          "identity_schema_version": 0,
          "private": "eyJlMmJmYjczMC1lY2FhLTExZTYtOGY4OC0zNDM2M2JjN2M0YzAiOnsiY3JlYXRlIjoxMjAwMDAwMDAwMDAwLCJkZWxldGUiOjEyMDAwMDAwMDAwMDAsInVwZGF0ZSI6MTIwMDAwMDAwMDAwMH19",
          "dependencies": [
            "google_sql_database_instance.intern_tracker"
          ]
        },
        {
          "index_key": "intern",
          "schema_version": 0,
          "attributes": {
            "charset": "utf8mb4",
            "collation": "utf8mb4_0900_ai_ci",
            "deletion_policy": "DELETE",
            "id": "projects/fluted-factor-438905-d2/instances/intern-tracker/databases/intern-service",
            "instance": "intern-tracker",
            "name": "intern-service",
            "project": "fluted-factor-438905-d2",
            "self_link": "https://sqladmin.googleapis.com/sql/v1beta4/projects/fluted-factor-438905-d2/instances/intern-tracker/databases/intern-service",
            "timeouts": null
          },
          "sensitive_attributes": [],
          "identity_schema_version": 0,
          "private": "eyJlMmJmYjczMC1lY2FhLTExZTYtOGY4OC0zNDM2M2JjN2M0YzAiOnsiY3JlYXRlIjoxMjAwMDAwMDAwMDAwLCJkZWxldGUiOjEyMDAwMDAwMDAwMDAsInVwZGF0ZSI6MTIwMDAwMDAwMDAwMH19",
          "dependencies": [
            "google_sql_database_instance.intern_tracker"
          ]
        },
        {
          "index_key": "notification",
          "schema_version": 0,
          "attributes": {
            "charset": "utf8mb4",
            "collation": "utf8mb4_0900_ai_ci",
            "deletion_policy": "DELETE",
            "id": "projects/fluted-factor-438905-d2/instances/intern-tracker/databases/notification-service",
            "instance": "intern-tracker",
            "name": "notification-service",
            "project": "fluted-factor-438905-d2",
            "self_link": "https://sqladmin.googleapis.com/sql/v1beta4/projects/fluted-factor-438905-d2/instances/intern-tracker/databases/notification-service",
            "timeouts": null
          },
          "sensitive_attributes": [],
          "identity_schema_version": 0,
          "private": "eyJlMmJmYjczMC1lY2FhLTExZTYtOGY4OC0zNDM2M2JjN2M0YzAiOnsiY3JlYXRlIjoxMjAwMDAwMDAwMDAwLCJkZWxldGUiOjEyMDAwMDAwMDAwMDAsInVwZGF0ZSI6MTIwMDAwMDAwMDAwMH19",
          "dependencies": [
            "google_sql_database_instance.intern_tracker"
          ]
        }
      ]
    },
    {
      "mode": "managed",
      "type": "google_sql_database_instance",
      "name": "intern_tracker",
      "provider": "provider[\"registry.terraform.io/hashicorp/google\"]",
      "instances": [
        {
          "schema_version": 0,
          "attributes": {
            "available_maintenance_versions": [],
            "backupdr_backup": null,
            "clone": [],
            "connection_name": "fluted-factor-438905-d2:us-west1:intern-tracker",
            "database_version": "MYSQL_8_0",
            "deletion_protection": true,
            "dns_name": "",
            "dns_names": [],
            "encryption_key_name": null,
            "final_backup_description": null,
            "first_ip_address": "136.118.93.184",
            "id": "intern-tracker",
            "instance_type": "CLOUD_SQL_INSTANCE",
            "ip_address": [
              {
                "ip_address": "136.118.93.184",
                "time_to_retire": "",
                "type": "PRIMARY"
              }
            ],
            "maintenance_version": "MYSQL_8_0_41.R20251004.01_14",
            "master_instance_name": "",
            "name": "intern-tracker",
            "node_count": 0,
            "point_in_time_restore_context": [],
            "private_ip_address": "",
            "project": "fluted-factor-438905-d2",
            "psc_service_attachment_link": "",
            "public_ip_address": "136.118.93.184",
            "region": "us-west1",
            "replica_configuration": [],
            "replica_names": [],
            "replication_cluster": [
              {
                "dr_replica": false,
                "failover_dr_replica_name": "",
                "psa_write_endpoint": ""
              }
            ],
            "restore_backup_context": [],
            "root_password": null,
            "self_link": "https://sqladmin.googleapis.com/sql/v1beta4/projects/fluted-factor-438905-d2/instances/intern-tracker",
            "server_ca_cert": [
              {
                "cert": "-----BEGIN CERTIFICATE-----\nMIIDfzCCAmegAwIBAgIBADANBgkqhkiG9w0BAQsFADB3MS0wKwYDVQQuEyQ2NjY3\nMmVhNC02NTc0LTQ5ZjEtYTdlMC1mZjY4MTIyNDk0N2QxIzAhBgNVBAMTGkdvb2ds\nZSBDbG91ZCBTUUwgU2VydmVyIENBMRQwEgYDVQQKEwtHb29nbGUsIEluYzELMAkG\nA1UEBhMCVVMwHhcNMjUxMTE3MTIwNTU3WhcNMzUxMTE1MTIwNjU3WjB3MS0wKwYD\nVQQuEyQ2NjY3MmVhNC02NTc0LTQ5ZjEtYTdlMC1mZjY4MTIyNDk0N2QxIzAhBgNV\nBAMTGkdvb2dsZSBDbG91ZCBTUUwgU2VydmVyIENBMRQwEgYDVQQKEwtHb29nbGUs\nIEluYzELMAkGA1UEBhMCVVMwggEiMA0GCSqGSIb3DQEBAQUAA4IBDwAwggEKAoIB\nAQD1NWkMudMSzzEye8V/8f+oK501WKBVQw4Tzhl3fN66A5OTpewaTSJH7419wez2\nDlXzmxNpRnHjENnYzYmMD45Pp7mYSVsfc4795UluIPsMawNTHBQ+sbzSX3bM3NeR\ncm2WiL40ZQJAtLxo6YWB6V5Yw1cqRq4bl4xPUUhGddHT1+BgjGnApWmqvQDnycUk\n6Tz8nB5BPzKlCvoytwXjv54tauc/w+4MNqmnnvT9m13F0NWEe+4YHHClwRIR2XbB\nvu8GM+upIG6bXOMkYC6GaeQMBDfvOY22uKH1LcmBxfFpfm6Clc9tlLCBMveLja2J\nvEkVbBJHLxWW05I2DXTiA3FXAgMBAAGjFjAUMBIGA1UdEwEB/wQIMAYBAf8CAQAw\nDQYJKoZIhvcNAQELBQADggEBAAUGomz5Vl28RexNbWOTO6IwA9+94CJRkRLB4Kmw\nVW/D9qjCFl+Eq2lh/6vBLirnTLV8TxrNqWrTrl+Wk89xCdWL11nj+X4qI5hmDJZB\ncEOXaAf6Tr9m/eYPnoIiXrbq++AY3UGy7Zw1/L8MCdwJAYzKvgiReZs08aApiLmO\nMf5A8qAh5uGjmVo+BCK6GaDhOAk6qfd1o9P2MaGyhtD2KCAND/7uGTVpQYBA5gde\neNjxoHIxcft23FCzEB200WSVPM3Um1uPkKsGGAKg6jRCjeelxg1T+5f9fEObglIK\nUV0VnKCYNKLZn9FKW4fhY81NSlVfnkEHF/QB1L+zYIp5TXU=\n-----END CERTIFICATE-----",
                "common_name": "C=US,O=Google\\, Inc,CN=Google Cloud SQL Server CA,dnQualifier=66672ea4-6574-49f1-a7e0-ff681224947d",
                "create_time": "2025-11-17T12:05:57.834Z",
                "expiration_time": "2035-11-15T12:06:57.834Z",
                "sha1_fingerprint": "0929abdb083abf35619d23766605af27163bd0b7"
              }
            ],
            "service_account_email_address": "p8197923751-3qgj84@gcp-sa-cloud-sql.iam.gserviceaccount.com",
            "settings": [
              {
                "activation_policy": "ALWAYS",
                "active_directory_config": [],
                "advanced_machine_features": [],
                "availability_type": "ZONAL",
                "backup_configuration": [
                  {
                    "backup_retention_settings": [
                      {
                        "retained_backups": 7,
                        "retention_unit": "COUNT"
                      }
                    ],
                    "binary_log_enabled": false,
                    "enabled": true,
                    "location": "",
                    "point_in_time_recovery_enabled": false,
                    "start_time": "06:00",
                    "transaction_log_retention_days": 7
                  }
                ],
                "collation": "",
                "connection_pool_config": [],
                "connector_enforcement": "NOT_REQUIRED",
                "data_cache_config": [
                  {
                    "data_cache_enabled": false
                  }
                ],
                "database_flags": [],
                "deletion_protection_enabled": false,
                "deny_maintenance_period": [],
                "disk_autoresize": true,
                "disk_autoresize_limit": 0,
                "disk_size": 10,
                "disk_type": "PD_SSD",
                "edition": "ENTERPRISE",
                "effective_availability_type": "ZONAL",
                "enable_dataplex_integration": false,
                "enable_google_ml_integration": false,
                "final_backup_config": [],
                "insights_config": [],
                "ip_configuration": [
                  {
                    "allocated_ip_range": "",
                    "authorized_networks": [],
                    "custom_subject_alternative_names": [],
                    "enable_private_path_for_google_cloud_services": false,
                    "ipv4_enabled": true,
                    "private_network": "",
                    "psc_config": [],
                    "server_ca_mode": "GOOGLE_MANAGED_INTERNAL_CA",
                    "server_ca_pool": "",
                    "ssl_mode": "ALLOW_UNENCRYPTED_AND_ENCRYPTED"
                  }
                ],
                "location_preference": [
                  {
                    "follow_gae_application": "",
                    "secondary_zone": "",
                    "zone": "us-west1-c"
                  }
                ],
                "maintenance_window": [],
                "password_validation_policy": [],
                "pricing_plan": "PER_USE",
                "read_pool_auto_scale_config": [
                  {
                    "disable_scale_in": false,
                    "enabled": false,
                    "max_node_count": 0,
                    "min_node_count": 0,
                    "scale_in_cooldown_seconds": 0,
                    "scale_out_cooldown_seconds": 0,
                    "target_metrics": []
                  }
                ],
                "retain_backups_on_delete": false,
                "sql_server_audit_config": [],
                "tier": "db-f1-micro",
                "time_zone": "",
                "user_labels": {},
                "version": 1
              }
            ],
            "timeouts": null
          },
          "sensitive_attributes": [
            [
              {
                "type": "get_attr",
                "value": "root_password"
              }
            ],
            [
              {
                "type": "get_attr",
                "value": "server_ca_cert"
              }
            ]
          ],
          "identity_schema_version": 0,
          "private": "eyJlMmJmYjczMC1lY2FhLTExZTYtOGY4OC0zNDM2M2JjN2M0YzAiOnsiY3JlYXRlIjo1NDAwMDAwMDAwMDAwLCJkZWxldGUiOjU0MDAwMDAwMDAwMDAsInVwZGF0ZSI6NTQwMDAwMDAwMDAwMH19"
        }
      ]
    },
    {
      "mode": "managed",
      "type": "google_sql_user",
      "name": "common_user",
      "provider": "provider[\"registry.terraform.io/hashicorp/google\"]",
      "instances": [
        {
          "schema_version": 1,
          "attributes": {
            "deletion_policy": null,
            "host": "",
            "id": "root//intern-tracker",
            "instance": "intern-tracker",
            "name": "root",
            "password": "iiitn123",
            "password_policy": [],
            "password_wo": null,
            "password_wo_version": null,
            "project": "fluted-factor-438905-d2",
            "sql_server_user_details": [],
            "timeouts": null,
            "type": ""
          },
          "sensitive_attributes": [
            [
              {
                "type": "get_attr",
                "value": "password"
              }
            ]
          ],
          "identity_schema_version": 0,
          "private": "eyJlMmJmYjczMC1lY2FhLTExZTYtOGY4OC0zNDM2M2JjN2M0YzAiOnsiY3JlYXRlIjo2MDAwMDAwMDAwMDAsImRlbGV0ZSI6NjAwMDAwMDAwMDAwLCJ1cGRhdGUiOjYwMDAwMDAwMDAwMH0sInNjaGVtYV92ZXJzaW9uIjoiMSJ9",
          "dependencies": [
            "google_sql_database_instance.intern_tracker"
          ]
        }
      ]
    }
  ],
  "check_results": null
}
